
Microsoft Visual Studio Solution File, Format Version 12.00
# Visual Studio Version 17
VisualStudioVersion = 17.14.36109.1 d17.14
MinimumVisualStudioVersion = 10.0.40219.1
Project("{FAE04EC0-301F-11D3-BF4B-00C04F79EFBC}") = "WalletWebApi", "WalletWebApi.csproj", "{FD97D6D6-952C-48E7-8B57-184F47B43568}"
EndProject
Global
	GlobalSection(SolutionConfigurationPlatforms) = preSolution
		Debug|Any CPU = Debug|Any CPU
		Release|Any CPU = Release|Any CPU
	EndGlobalSection
	GlobalSection(ProjectConfigurationPlatforms) = postSolution
		{FD97D6D6-952C-48E7-8B57-184F47B43568}.Debug|Any CPU.ActiveCfg = Debug|Any CPU
		{FD97D6D6-952C-48E7-8B57-184F47B43568}.Debug|Any CPU.Build.0 = Debug|Any CPU
		{FD97D6D6-952C-48E7-8B57-184F47B43568}.Release|Any CPU.ActiveCfg = Release|Any CPU
		{FD97D6D6-952C-48E7-8B57-184F47B43568}.Release|Any CPU.Build.0 = Release|Any CPU
	EndGlobalSection
	GlobalSection(SolutionProperties) = preSolution
		HideSolutionNode = FALSE
	EndGlobalSection
	GlobalSection(ExtensibilityGlobals) = postSolution
		SolutionGuid = {3EEDE0FE-F07F-4EA6-9C6C-AE5933F80BE7}
	EndGlobalSection
EndGlobal
